// !$*UTF8*$!
{
	archiveVersion = 1;
	classes = {
	};
	objectVersion = 56;
	objects = {

/* Begin PBXBuildFile section */
		A7DD5BD22BA0BB49002897E0 /* AppDelegate.swift in Sources */ = {isa = PBXBuildFile; fileRef = A7DD5BD12BA0BB49002897E0 /* AppDelegate.swift */; };
		A7DD5BD42BA0BB49002897E0 /* SceneDelegate.swift in Sources */ = {isa = PBXBuildFile; fileRef = A7DD5BD32BA0BB49002897E0 /* SceneDelegate.swift */; };
		A7DD5BD62BA0BB49002897E0 /* ViewController.swift in Sources */ = {isa = PBXBuildFile; fileRef = A7DD5BD52BA0BB49002897E0 /* ViewController.swift */; };
		A7DD5BDB2BA0BB4A002897E0 /* Assets.xcassets in Resources */ = {isa = PBXBuildFile; fileRef = A7DD5BDA2BA0BB4A002897E0 /* Assets.xcassets */; };
		A7DD5BDE2BA0BB4A002897E0 /* LaunchScreen.storyboard in Resources */ = {isa = PBXBuildFile; fileRef = A7DD5BDC2BA0BB4A002897E0 /* LaunchScreen.storyboard */; };
		A7DD5BE92BA0BB4A002897E0 /* GitHubFollowersTests.swift in Sources */ = {isa = PBXBuildFile; fileRef = A7DD5BE82BA0BB4A002897E0 /* GitHubFollowersTests.swift */; };
		A7DD5BF32BA0BB4A002897E0 /* GitHubFollowersUITests.swift in Sources */ = {isa = PBXBuildFile; fileRef = A7DD5BF22BA0BB4A002897E0 /* GitHubFollowersUITests.swift */; };
		A7DD5BF52BA0BB4A002897E0 /* GitHubFollowersUITestsLaunchTests.swift in Sources */ = {isa = PBXBuildFile; fileRef = A7DD5BF42BA0BB4A002897E0 /* GitHubFollowersUITestsLaunchTests.swift */; };
/* End PBXBuildFile section */

/* Begin PBXContainerItemProxy section */
		A7DD5BE52BA0BB4A002897E0 /* PBXContainerItemProxy */ = {
			isa = PBXContainerItemProxy;
			containerPortal = A7DD5BC62BA0BB49002897E0 /* Project object */;
			proxyType = 1;
			remoteGlobalIDString = A7DD5BCD2BA0BB49002897E0;
			remoteInfo = GitHubFollowers;
		};
		A7DD5BEF2BA0BB4A002897E0 /* PBXContainerItemProxy */ = {
			isa = PBXContainerItemProxy;
			containerPortal = A7DD5BC62BA0BB49002897E0 /* Project object */;
			proxyType = 1;
			remoteGlobalIDString = A7DD5BCD2BA0BB49002897E0;
			remoteInfo = GitHubFollowers;
		};
/* End PBXContainerItemProxy section */

/* Begin PBXFileReference section */
		A7DD5BCE2BA0BB49002897E0 /* GitHubFollowers.app */ = {isa = PBXFileReference; explicitFileType = wrapper.application; includeInIndex = 0; path = GitHubFollowers.app; sourceTree = BUILT_PRODUCTS_DIR; };
		A7DD5BD12BA0BB49002897E0 /* AppDelegate.swift */ = {isa = PBXFileReference; lastKnownFileType = sourcecode.swift; path = AppDelegate.swift; sourceTree = "<group>"; };
		A7DD5BD32BA0BB49002897E0 /* SceneDelegate.swift */ = {isa = PBXFileReference; lastKnownFileType = sourcecode.swift; path = SceneDelegate.swift; sourceTree = "<group>"; };
		A7DD5BD52BA0BB49002897E0 /* ViewController.swift */ = {isa = PBXFileReference; lastKnownFileType = sourcecode.swift; path = ViewController.swift; sourceTree = "<group>"; };
		A7DD5BDA2BA0BB4A002897E0 /* Assets.xcassets */ = {isa = PBXFileReference; lastKnownFileType = folder.assetcatalog; path = Assets.xcassets; sourceTree = "<group>"; };
		A7DD5BDD2BA0BB4A002897E0 /* Base */ = {isa = PBXFileReference; lastKnownFileType = file.storyboard; name = Base; path = Base.lproj/LaunchScreen.storyboard; sourceTree = "<group>"; };
		A7DD5BDF2BA0BB4A002897E0 /* Info.plist */ = {isa = PBXFileReference; lastKnownFileType = text.plist.xml; path = Info.plist; sourceTree = "<group>"; };
		A7DD5BE42BA0BB4A002897E0 /* GitHubFollowersTests.xctest */ = {isa = PBXFileReference; explicitFileType = wrapper.cfbundle; includeInIndex = 0; path = GitHubFollowersTests.xctest; sourceTree = BUILT_PRODUCTS_DIR; };
		A7DD5BE82BA0BB4A002897E0 /* GitHubFollowersTests.swift */ = {isa = PBXFileReference; lastKnownFileType = sourcecode.swift; path = GitHubFollowersTests.swift; sourceTree = "<group>"; };
		A7DD5BEE2BA0BB4A002897E0 /* GitHubFollowersUITests.xctest */ = {isa = PBXFileReference; explicitFileType = wrapper.cfbundle; includeInIndex = 0; path = GitHubFollowersUITests.xctest; sourceTree = BUILT_PRODUCTS_DIR; };
		A7DD5BF22BA0BB4A002897E0 /* GitHubFollowersUITests.swift */ = {isa = PBXFileReference; lastKnownFileType = sourcecode.swift; path = GitHubFollowersUITests.swift; sourceTree = "<group>"; };
		A7DD5BF42BA0BB4A002897E0 /* GitHubFollowersUITestsLaunchTests.swift */ = {isa = PBXFileReference; lastKnownFileType = sourcecode.swift; path = GitHubFollowersUITestsLaunchTests.swift; sourceTree = "<group>"; };
/* End PBXFileReference section */

/* Begin PBXFrameworksBuildPhase section */
		A7DD5BCB2BA0BB49002897E0 /* Frameworks */ = {
			isa = PBXFrameworksBuildPhase;
			buildActionMask = 2147483647;
			files = (
			);
			runOnlyForDeploymentPostprocessing = 0;
		};
		A7DD5BE12BA0BB4A002897E0 /* Frameworks */ = {
			isa = PBXFrameworksBuildPhase;
			buildActionMask = 2147483647;
			files = (
			);
			runOnlyForDeploymentPostprocessing = 0;
		};
		A7DD5BEB2BA0BB4A002897E0 /* Frameworks */ = {
			isa = PBXFrameworksBuildPhase;
			buildActionMask = 2147483647;
			files = (
			);
			runOnlyForDeploymentPostprocessing = 0;
		};
/* End PBXFrameworksBuildPhase section */

/* Begin PBXGroup section */
		A7DD5BC52BA0BB49002897E0 = {
			isa = PBXGroup;
			children = (
				A7DD5BD02BA0BB49002897E0 /* GitHubFollowers */,
				A7DD5BE72BA0BB4A002897E0 /* GitHubFollowersTests */,
				A7DD5BF12BA0BB4A002897E0 /* GitHubFollowersUITests */,
				A7DD5BCF2BA0BB49002897E0 /* Products */,
			);
			sourceTree = "<group>";
		};
		A7DD5BCF2BA0BB49002897E0 /* Products */ = {
			isa = PBXGroup;
			children = (
				A7DD5BCE2BA0BB49002897E0 /* GitHubFollowers.app */,
				A7DD5BE42BA0BB4A002897E0 /* GitHubFollowersTests.xctest */,
				A7DD5BEE2BA0BB4A002897E0 /* GitHubFollowersUITests.xctest */,
			);
			name = Products;
			sourceTree = "<group>";
		};
		A7DD5BD02BA0BB49002897E0 /* GitHubFollowers */ = {
			isa = PBXGroup;
			children = (
				A7DD5BD12BA0BB49002897E0 /* AppDelegate.swift */,
				A7DD5BD32BA0BB49002897E0 /* SceneDelegate.swift */,
				A7DD5BD52BA0BB49002897E0 /* ViewController.swift */,
				A7DD5BDA2BA0BB4A002897E0 /* Assets.xcassets */,
				A7DD5BDC2BA0BB4A002897E0 /* LaunchScreen.storyboard */,
				A7DD5BDF2BA0BB4A002897E0 /* Info.plist */,
			);
			path = GitHubFollowers;
			sourceTree = "<group>";
		};
		A7DD5BE72BA0BB4A002897E0 /* GitHubFollowersTests */ = {
			isa = PBXGroup;
			children = (
				A7DD5BE82BA0BB4A002897E0 /* GitHubFollowersTests.swift */,
			);
			path = GitHubFollowersTests;
			sourceTree = "<group>";
		};
		A7DD5BF12BA0BB4A002897E0 /* GitHubFollowersUITests */ = {
			isa = PBXGroup;
			children = (
				A7DD5BF22BA0BB4A002897E0 /* GitHubFollowersUITests.swift */,
				A7DD5BF42BA0BB4A002897E0 /* GitHubFollowersUITestsLaunchTests.swift */,
			);
			path = GitHubFollowersUITests;
			sourceTree = "<group>";
		};
/* End PBXGroup section */

/* Begin PBXNativeTarget section */
		A7DD5BCD2BA0BB49002897E0 /* GitHubFollowers */ = {
			isa = PBXNativeTarget;
			buildConfigurationList = A7DD5BF82BA0BB4A002897E0 /* Build configuration list for PBXNativeTarget "GitHubFollowers" */;
			buildPhases = (
				A7DD5BCA2BA0BB49002897E0 /* Sources */,
				A7DD5BCB2BA0BB49002897E0 /* Frameworks */,
				A7DD5BCC2BA0BB49002897E0 /* Resources */,
			);
			buildRules = (
			);
			dependencies = (
			);
			name = GitHubFollowers;
			productName = GitHubFollowers;
			productReference = A7DD5BCE2BA0BB49002897E0 /* GitHubFollowers.app */;
			productType = "com.apple.product-type.application";
		};
		A7DD5BE32BA0BB4A002897E0 /* GitHubFollowersTests */ = {
			isa = PBXNativeTarget;
			buildConfigurationList = A7DD5BFB2BA0BB4A002897E0 /* Build configuration list for PBXNativeTarget "GitHubFollowersTests" */;
			buildPhases = (
				A7DD5BE02BA0BB4A002897E0 /* Sources */,
				A7DD5BE12BA0BB4A002897E0 /* Frameworks */,
				A7DD5BE22BA0BB4A002897E0 /* Resources */,
			);
			buildRules = (
			);
			dependencies = (
				A7DD5BE62BA0BB4A002897E0 /* PBXTargetDependency */,
			);
			name = GitHubFollowersTests;
			productName = GitHubFollowersTests;
			productReference = A7DD5BE42BA0BB4A002897E0 /* GitHubFollowersTests.xctest */;
			productType = "com.apple.product-type.bundle.unit-test";
		};
		A7DD5BED2BA0BB4A002897E0 /* GitHubFollowersUITests */ = {
			isa = PBXNativeTarget;
			buildConfigurationList = A7DD5BFE2BA0BB4A002897E0 /* Build configuration list for PBXNativeTarget "GitHubFollowersUITests" */;
			buildPhases = (
				A7DD5BEA2BA0BB4A002897E0 /* Sources */,
				A7DD5BEB2BA0BB4A002897E0 /* Frameworks */,
				A7DD5BEC2BA0BB4A002897E0 /* Resources */,
			);
			buildRules = (
			);
			dependencies = (
				A7DD5BF02BA0BB4A002897E0 /* PBXTargetDependency */,
			);
			name = GitHubFollowersUITests;
			productName = GitHubFollowersUITests;
			productReference = A7DD5BEE2BA0BB4A002897E0 /* GitHubFollowersUITests.xctest */;
			productType = "com.apple.product-type.bundle.ui-testing";
		};
/* End PBXNativeTarget section */

/* Begin PBXProject section */
		A7DD5BC62BA0BB49002897E0 /* Project object */ = {
			isa = PBXProject;
			attributes = {
				BuildIndependentTargetsInParallel = 1;
				LastSwiftUpdateCheck = 1520;
				LastUpgradeCheck = 1520;
				TargetAttributes = {
					A7DD5BCD2BA0BB49002897E0 = {
						CreatedOnToolsVersion = 15.2;
					};
					A7DD5BE32BA0BB4A002897E0 = {
						CreatedOnToolsVersion = 15.2;
						TestTargetID = A7DD5BCD2BA0BB49002897E0;
					};
					A7DD5BED2BA0BB4A002897E0 = {
						CreatedOnToolsVersion = 15.2;
						TestTargetID = A7DD5BCD2BA0BB49002897E0;
					};
				};
			};
			buildConfigurationList = A7DD5BC92BA0BB49002897E0 /* Build configuration list for PBXProject "GitHubFollowers" */;
			compatibilityVersion = "Xcode 14.0";
			developmentRegion = en;
			hasScannedForEncodings = 0;
			knownRegions = (
				en,
				Base,
			);
			mainGroup = A7DD5BC52BA0BB49002897E0;
			productRefGroup = A7DD5BCF2BA0BB49002897E0 /* Products */;
			projectDirPath = "";
			projectRoot = "";
			targets = (
				A7DD5BCD2BA0BB49002897E0 /* GitHubFollowers */,
				A7DD5BE32BA0BB4A002897E0 /* GitHubFollowersTests */,
				A7DD5BED2BA0BB4A002897E0 /* GitHubFollowersUITests */,
			);
		};
/* End PBXProject section */

/* Begin PBXResourcesBuildPhase section */
		A7DD5BCC2BA0BB49002897E0 /* Resources */ = {
			isa = PBXResourcesBuildPhase;
			buildActionMask = 2147483647;
			files = (
				A7DD5BDE2BA0BB4A002897E0 /* LaunchScreen.storyboard in Resources */,
				A7DD5BDB2BA0BB4A002897E0 /* Assets.xcassets in Resources */,
			);
			runOnlyForDeploymentPostprocessing = 0;
		};
		A7DD5BE22BA0BB4A002897E0 /* Resources */ = {
			isa = PBXResourcesBuildPhase;
			buildActionMask = 2147483647;
			files = (
			);
			runOnlyForDeploymentPostprocessing = 0;
		};
		A7DD5BEC2BA0BB4A002897E0 /* Resources */ = {
			isa = PBXResourcesBuildPhase;
			buildActionMask = 2147483647;
			files = (
			);
			runOnlyForDeploymentPostprocessing = 0;
		};
/* End PBXResourcesBuildPhase section */

/* Begin PBXSourcesBuildPhase section */
		A7DD5BCA2BA0BB49002897E0 /* Sources */ = {
			isa = PBXSourcesBuildPhase;
			buildActionMask = 2147483647;
			files = (
				A7DD5BD62BA0BB49002897E0 /* ViewController.swift in Sources */,
				A7DD5BD22BA0BB49002897E0 /* AppDelegate.swift in Sources */,
				A7DD5BD42BA0BB49002897E0 /* SceneDelegate.swift in Sources */,
			);
			runOnlyForDeploymentPostprocessing = 0;
		};
		A7DD5BE02BA0BB4A002897E0 /* Sources */ = {
			isa = PBXSourcesBuildPhase;
			buildActionMask = 2147483647;
			files = (
				A7DD5BE92BA0BB4A002897E0 /* GitHubFollowersTests.swift in Sources */,
			);
			runOnlyForDeploymentPostprocessing = 0;
		};
		A7DD5BEA2BA0BB4A002897E0 /* Sources */ = {
			isa = PBXSourcesBuildPhase;
			buildActionMask = 2147483647;
			files = (
				A7DD5BF32BA0BB4A002897E0 /* GitHubFollowersUITests.swift in Sources */,
				A7DD5BF52BA0BB4A002897E0 /* GitHubFollowersUITestsLaunchTests.swift in Sources */,
			);
			runOnlyForDeploymentPostprocessing = 0;
		};
/* End PBXSourcesBuildPhase section */

/* Begin PBXTargetDependency section */
		A7DD5BE62BA0BB4A002897E0 /* PBXTargetDependency */ = {
			isa = PBXTargetDependency;
			target = A7DD5BCD2BA0BB49002897E0 /* GitHubFollowers */;
			targetProxy = A7DD5BE52BA0BB4A002897E0 /* PBXContainerItemProxy */;
		};
		A7DD5BF02BA0BB4A002897E0 /* PBXTargetDependency */ = {
			isa = PBXTargetDependency;
			target = A7DD5BCD2BA0BB49002897E0 /* GitHubFollowers */;
			targetProxy = A7DD5BEF2BA0BB4A002897E0 /* PBXContainerItemProxy */;
		};
/* End PBXTargetDependency section */

/* Begin PBXVariantGroup section */
		A7DD5BDC2BA0BB4A002897E0 /* LaunchScreen.storyboard */ = {
			isa = PBXVariantGroup;
			children = (
				A7DD5BDD2BA0BB4A002897E0 /* Base */,
			);
			name = LaunchScreen.storyboard;
			sourceTree = "<group>";
		};
/* End PBXVariantGroup section */

/* Begin XCBuildConfiguration section */
		A7DD5BF62BA0BB4A002897E0 /* Debug */ = {
			isa = XCBuildConfiguration;
			buildSettings = {
				ALWAYS_SEARCH_USER_PATHS = NO;
				ASSETCATALOG_COMPILER_GENERATE_SWIFT_ASSET_SYMBOL_EXTENSIONS = YES;
				CLANG_ANALYZER_NONNULL = YES;
				CLANG_ANALYZER_NUMBER_OBJECT_CONVERSION = YES_AGGRESSIVE;
				CLANG_CXX_LANGUAGE_STANDARD = "gnu++20";
				CLANG_ENABLE_MODULES = YES;
				CLANG_ENABLE_OBJC_ARC = YES;
				CLANG_ENABLE_OBJC_WEAK = YES;
				CLANG_WARN_BLOCK_CAPTURE_AUTORELEASING = YES;
				CLANG_WARN_BOOL_CONVERSION = YES;
				CLANG_WARN_COMMA = YES;
				CLANG_WARN_CONSTANT_CONVERSION = YES;
				CLANG_WARN_DEPRECATED_OBJC_IMPLEMENTATIONS = YES;
				CLANG_WARN_DIRECT_OBJC_ISA_USAGE = YES_ERROR;
				CLANG_WARN_DOCUMENTATION_COMMENTS = YES;
				CLANG_WARN_EMPTY_BODY = YES;
				CLANG_WARN_ENUM_CONVERSION = YES;
				CLANG_WARN_INFINITE_RECURSION = YES;
				CLANG_WARN_INT_CONVERSION = YES;
				CLANG_WARN_NON_LITERAL_NULL_CONVERSION = YES;
				CLANG_WARN_OBJC_IMPLICIT_RETAIN_SELF = YES;
				CLANG_WARN_OBJC_LITERAL_CONVERSION = YES;
				CLANG_WARN_OBJC_ROOT_CLASS = YES_ERROR;
				CLANG_WARN_QUOTED_INCLUDE_IN_FRAMEWORK_HEADER = YES;
				CLANG_WARN_RANGE_LOOP_ANALYSIS = YES;
				CLANG_WARN_STRICT_PROTOTYPES = YES;
				CLANG_WARN_SUSPICIOUS_MOVE = YES;
				CLANG_WARN_UNGUARDED_AVAILABILITY = YES_AGGRESSIVE;
				CLANG_WARN_UNREACHABLE_CODE = YES;
				CLANG_WARN__DUPLICATE_METHOD_MATCH = YES;
				COPY_PHASE_STRIP = NO;
				DEBUG_INFORMATION_FORMAT = dwarf;
				ENABLE_STRICT_OBJC_MSGSEND = YES;
				ENABLE_TESTABILITY = YES;
				ENABLE_USER_SCRIPT_SANDBOXING = YES;
				GCC_C_LANGUAGE_STANDARD = gnu17;
				GCC_DYNAMIC_NO_PIC = NO;
				GCC_NO_COMMON_BLOCKS = YES;
				GCC_OPTIMIZATION_LEVEL = 0;
				GCC_PREPROCESSOR_DEFINITIONS = (
					"DEBUG=1",
					"$(inherited)",
				);
				GCC_WARN_64_TO_32_BIT_CONVERSION = YES;
				GCC_WARN_ABOUT_RETURN_TYPE = YES_ERROR;
				GCC_WARN_UNDECLARED_SELECTOR = YES;
				GCC_WARN_UNINITIALIZED_AUTOS = YES_AGGRESSIVE;
				GCC_WARN_UNUSED_FUNCTION = YES;
				GCC_WARN_UNUSED_VARIABLE = YES;
				IPHONEOS_DEPLOYMENT_TARGET = 17.2;
				LOCALIZATION_PREFERS_STRING_CATALOGS = YES;
				MTL_ENABLE_DEBUG_INFO = INCLUDE_SOURCE;
				MTL_FAST_MATH = YES;
				ONLY_ACTIVE_ARCH = YES;
				SDKROOT = iphoneos;
				SWIFT_ACTIVE_COMPILATION_CONDITIONS = "DEBUG $(inherited)";
				SWIFT_OPTIMIZATION_LEVEL = "-Onone";
			};
			name = Debug;
		};
		A7DD5BF72BA0BB4A002897E0 /* Release */ = {
			isa = XCBuildConfiguration;
			buildSettings = {
				ALWAYS_SEARCH_USER_PATHS = NO;
				ASSETCATALOG_COMPILER_GENERATE_SWIFT_ASSET_SYMBOL_EXTENSIONS = YES;
				CLANG_ANALYZER_NONNULL = YES;
				CLANG_ANALYZER_NUMBER_OBJECT_CONVERSION = YES_AGGRESSIVE;
				CLANG_CXX_LANGUAGE_STANDARD = "gnu++20";
				CLANG_ENABLE_MODULES = YES;
				CLANG_ENABLE_OBJC_ARC = YES;
				CLANG_ENABLE_OBJC_WEAK = YES;
				CLANG_WARN_BLOCK_CAPTURE_AUTORELEASING = YES;
				CLANG_WARN_BOOL_CONVERSION = YES;
				CLANG_WARN_COMMA = YES;
				CLANG_WARN_CONSTANT_CONVERSION = YES;
				CLANG_WARN_DEPRECATED_OBJC_IMPLEMENTATIONS = YES;
				CLANG_WARN_DIRECT_OBJC_ISA_USAGE = YES_ERROR;
				CLANG_WARN_DOCUMENTATION_COMMENTS = YES;
				CLANG_WARN_EMPTY_BODY = YES;
				CLANG_WARN_ENUM_CONVERSION = YES;
				CLANG_WARN_INFINITE_RECURSION = YES;
				CLANG_WARN_INT_CONVERSION = YES;
				CLANG_WARN_NON_LITERAL_NULL_CONVERSION = YES;
				CLANG_WARN_OBJC_IMPLICIT_RETAIN_SELF = YES;
				CLANG_WARN_OBJC_LITERAL_CONVERSION = YES;
				CLANG_WARN_OBJC_ROOT_CLASS = YES_ERROR;
				CLANG_WARN_QUOTED_INCLUDE_IN_FRAMEWORK_HEADER = YES;
				CLANG_WARN_RANGE_LOOP_ANALYSIS = YES;
				CLANG_WARN_STRICT_PROTOTYPES = YES;
				CLANG_WARN_SUSPICIOUS_MOVE = YES;
				CLANG_WARN_UNGUARDED_AVAILABILITY = YES_AGGRESSIVE;
				CLANG_WARN_UNREACHABLE_CODE = YES;
				CLANG_WARN__DUPLICATE_METHOD_MATCH = YES;
				COPY_PHASE_STRIP = NO;
				DEBUG_INFORMATION_FORMAT = "dwarf-with-dsym";
				ENABLE_NS_ASSERTIONS = NO;
				ENABLE_STRICT_OBJC_MSGSEND = YES;
				ENABLE_USER_SCRIPT_SANDBOXING = YES;
				GCC_C_LANGUAGE_STANDARD = gnu17;
				GCC_NO_COMMON_BLOCKS = YES;
				GCC_WARN_64_TO_32_BIT_CONVERSION = YES;
				GCC_WARN_ABOUT_RETURN_TYPE = YES_ERROR;
				GCC_WARN_UNDECLARED_SELECTOR = YES;
				GCC_WARN_UNINITIALIZED_AUTOS = YES_AGGRESSIVE;
				GCC_WARN_UNUSED_FUNCTION = YES;
				GCC_WARN_UNUSED_VARIABLE = YES;
				IPHONEOS_DEPLOYMENT_TARGET = 17.2;
				LOCALIZATION_PREFERS_STRING_CATALOGS = YES;
				MTL_ENABLE_DEBUG_INFO = NO;
				MTL_FAST_MATH = YES;
				SDKROOT = iphoneos;
				SWIFT_COMPILATION_MODE = wholemodule;
				VALIDATE_PRODUCT = YES;
			};
			name = Release;
		};
		A7DD5BF92BA0BB4A002897E0 /* Debug */ = {
			isa = XCBuildConfiguration;
			buildSettings = {
				ASSETCATALOG_COMPILER_APPICON_NAME = AppIcon;
				ASSETCATALOG_COMPILER_GLOBAL_ACCENT_COLOR_NAME = AccentColor;
				CODE_SIGN_STYLE = Automatic;
				CURRENT_PROJECT_VERSION = 1;
				DEVELOPMENT_TEAM = RZB5WTQ7UH;
				GENERATE_INFOPLIST_FILE = YES;
				INFOPLIST_FILE = GitHubFollowers/Info.plist;
				INFOPLIST_KEY_UIApplicationSupportsIndirectInputEvents = YES;
				INFOPLIST_KEY_UILaunchStoryboardName = LaunchScreen;
				INFOPLIST_KEY_UISupportedInterfaceOrientations = UIInterfaceOrientationPortrait;
				INFOPLIST_KEY_UISupportedInterfaceOrientations_iPad = "UIInterfaceOrientationLandscapeLeft UIInterfaceOrientationLandscapeRight UIInterfaceOrientationPortrait UIInterfaceOrientationPortraitUpsideDown";
				IPHONEOS_DEPLOYMENT_TARGET = 13.0;
				LD_RUNPATH_SEARCH_PATHS = (
					"$(inherited)",
					"@executable_path/Frameworks",
				);
				MARKETING_VERSION = 1.0;
				PRODUCT_BUNDLE_IDENTIFIER = com.hakanor.GitHubFollowers;
				PRODUCT_NAME = "$(TARGET_NAME)";
				SUPPORTED_PLATFORMS = "iphoneos iphonesimulator";
				SUPPORTS_MACCATALYST = NO;
				SUPPORTS_MAC_DESIGNED_FOR_IPHONE_IPAD = NO;
				SUPPORTS_XR_DESIGNED_FOR_IPHONE_IPAD = NO;
				SWIFT_EMIT_LOC_STRINGS = YES;
				SWIFT_VERSION = 5.0;
				TARGETED_DEVICE_FAMILY = 1;
			};
			name = Debug;
		};
		A7DD5BFA2BA0BB4A002897E0 /* Release */ = {
			isa = XCBuildConfiguration;
			buildSettings = {
				ASSETCATALOG_COMPILER_APPICON_NAME = AppIcon;
				ASSETCATALOG_COMPILER_GLOBAL_ACCENT_COLOR_NAME = AccentColor;
				CODE_SIGN_STYLE = Automatic;
				CURRENT_PROJECT_VERSION = 1;
				DEVELOPMENT_TEAM = RZB5WTQ7UH;
				GENERATE_INFOPLIST_FILE = YES;
				INFOPLIST_FILE = GitHubFollowers/Info.plist;
				INFOPLIST_KEY_UIApplicationSupportsIndirectInputEvents = YES;
				INFOPLIST_KEY_UILaunchStoryboardName = LaunchScreen;
				INFOPLIST_KEY_UISupportedInterfaceOrientations = UIInterfaceOrientationPortrait;
				INFOPLIST_KEY_UISupportedInterfaceOrientations_iPad = "UIInterfaceOrientationLandscapeLeft UIInterfaceOrientationLandscapeRight UIInterfaceOrientationPortrait UIInterfaceOrientationPortraitUpsideDown";
				IPHONEOS_DEPLOYMENT_TARGET = 13.0;
				LD_RUNPATH_SEARCH_PATHS = (
					"$(inherited)",
					"@executable_path/Frameworks",
				);
				MARKETING_VERSION = 1.0;
				PRODUCT_BUNDLE_IDENTIFIER = com.hakanor.GitHubFollowers;
				PRODUCT_NAME = "$(TARGET_NAME)";
				SUPPORTED_PLATFORMS = "iphoneos iphonesimulator";
				SUPPORTS_MACCATALYST = NO;
				SUPPORTS_MAC_DESIGNED_FOR_IPHONE_IPAD = NO;
				SUPPORTS_XR_DESIGNED_FOR_IPHONE_IPAD = NO;
				SWIFT_EMIT_LOC_STRINGS = YES;
				SWIFT_VERSION = 5.0;
				TARGETED_DEVICE_FAMILY = 1;
			};
			name = Release;
		};
		A7DD5BFC2BA0BB4A002897E0 /* Debug */ = {
			isa = XCBuildConfiguration;
			buildSettings = {
				ALWAYS_EMBED_SWIFT_STANDARD_LIBRARIES = YES;
				BUNDLE_LOADER = "$(TEST_HOST)";
				CODE_SIGN_STYLE = Automatic;
				CURRENT_PROJECT_VERSION = 1;
				DEVELOPMENT_TEAM = RZB5WTQ7UH;
				GENERATE_INFOPLIST_FILE = YES;
				IPHONEOS_DEPLOYMENT_TARGET = 17.2;
				MARKETING_VERSION = 1.0;
				PRODUCT_BUNDLE_IDENTIFIER = com.hakanor.GitHubFollowersTests;
				PRODUCT_NAME = "$(TARGET_NAME)";
				SWIFT_EMIT_LOC_STRINGS = NO;
				SWIFT_VERSION = 5.0;
				TARGETED_DEVICE_FAMILY = "1,2";
				TEST_HOST = "$(BUILT_PRODUCTS_DIR)/GitHubFollowers.app/$(BUNDLE_EXECUTABLE_FOLDER_PATH)/GitHubFollowers";
			};
			name = Debug;
		};
		A7DD5BFD2BA0BB4A002897E0 /* Release */ = {
			isa = XCBuildConfiguration;
			buildSettings = {
				ALWAYS_EMBED_SWIFT_STANDARD_LIBRARIES = YES;
				BUNDLE_LOADER = "$(TEST_HOST)";
				CODE_SIGN_STYLE = Automatic;
				CURRENT_PROJECT_VERSION = 1;
				DEVELOPMENT_TEAM = RZB5WTQ7UH;
				GENERATE_INFOPLIST_FILE = YES;
				IPHONEOS_DEPLOYMENT_TARGET = 17.2;
				MARKETING_VERSION = 1.0;
				PRODUCT_BUNDLE_IDENTIFIER = com.hakanor.GitHubFollowersTests;
				PRODUCT_NAME = "$(TARGET_NAME)";
				SWIFT_EMIT_LOC_STRINGS = NO;
				SWIFT_VERSION = 5.0;
				TARGETED_DEVICE_FAMILY = "1,2";
				TEST_HOST = "$(BUILT_PRODUCTS_DIR)/GitHubFollowers.app/$(BUNDLE_EXECUTABLE_FOLDER_PATH)/GitHubFollowers";
			};
			name = Release;
		};
		A7DD5BFF2BA0BB4A002897E0 /* Debug */ = {
			isa = XCBuildConfiguration;
			buildSettings = {
				ALWAYS_EMBED_SWIFT_STANDARD_LIBRARIES = YES;
				CODE_SIGN_STYLE = Automatic;
				CURRENT_PROJECT_VERSION = 1;
				DEVELOPMENT_TEAM = RZB5WTQ7UH;
				GENERATE_INFOPLIST_FILE = YES;
				MARKETING_VERSION = 1.0;
				PRODUCT_BUNDLE_IDENTIFIER = com.hakanor.GitHubFollowersUITests;
				PRODUCT_NAME = "$(TARGET_NAME)";
				SWIFT_EMIT_LOC_STRINGS = NO;
				SWIFT_VERSION = 5.0;
				TARGETED_DEVICE_FAMILY = "1,2";
				TEST_TARGET_NAME = GitHubFollowers;
			};
			name = Debug;
		};
		A7DD5C002BA0BB4A002897E0 /* Release */ = {
			isa = XCBuildConfiguration;
			buildSettings = {
				ALWAYS_EMBED_SWIFT_STANDARD_LIBRARIES = YES;
				CODE_SIGN_STYLE = Automatic;
				CURRENT_PROJECT_VERSION = 1;
				DEVELOPMENT_TEAM = RZB5WTQ7UH;
				GENERATE_INFOPLIST_FILE = YES;
				MARKETING_VERSION = 1.0;
				PRODUCT_BUNDLE_IDENTIFIER = com.hakanor.GitHubFollowersUITests;
				PRODUCT_NAME = "$(TARGET_NAME)";
				SWIFT_EMIT_LOC_STRINGS = NO;
				SWIFT_VERSION = 5.0;
				TARGETED_DEVICE_FAMILY = "1,2";
				TEST_TARGET_NAME = GitHubFollowers;
			};
			name = Release;
		};
/* End XCBuildConfiguration section */

/* Begin XCConfigurationList section */
		A7DD5BC92BA0BB49002897E0 /* Build configuration list for PBXProject "GitHubFollowers" */ = {
			isa = XCConfigurationList;
			buildConfigurations = (
				A7DD5BF62BA0BB4A002897E0 /* Debug */,
				A7DD5BF72BA0BB4A002897E0 /* Release */,
			);
			defaultConfigurationIsVisible = 0;
			defaultConfigurationName = Release;
		};
		A7DD5BF82BA0BB4A002897E0 /* Build configuration list for PBXNativeTarget "GitHubFollowers" */ = {
			isa = XCConfigurationList;
			buildConfigurations = (
				A7DD5BF92BA0BB4A002897E0 /* Debug */,
				A7DD5BFA2BA0BB4A002897E0 /* Release */,
			);
			defaultConfigurationIsVisible = 0;
			defaultConfigurationName = Release;
		};
		A7DD5BFB2BA0BB4A002897E0 /* Build configuration list for PBXNativeTarget "GitHubFollowersTests" */ = {
			isa = XCConfigurationList;
			buildConfigurations = (
				A7DD5BFC2BA0BB4A002897E0 /* Debug */,
				A7DD5BFD2BA0BB4A002897E0 /* Release */,
			);
			defaultConfigurationIsVisible = 0;
			defaultConfigurationName = Release;
		};
		A7DD5BFE2BA0BB4A002897E0 /* Build configuration list for PBXNativeTarget "GitHubFollowersUITests" */ = {
			isa = XCConfigurationList;
			buildConfigurations = (
				A7DD5BFF2BA0BB4A002897E0 /* Debug */,
				A7DD5C002BA0BB4A002897E0 /* Release */,
			);
			defaultConfigurationIsVisible = 0;
			defaultConfigurationName = Release;
		};
/* End XCConfigurationList section */
	};
	rootObject = A7DD5BC62BA0BB49002897E0 /* Project object */;
}
