// !$*UTF8*$!
{
	archiveVersion = 1;
	classes = {
	};
	objectVersion = 56;
	objects = {

/* Begin PBXBuildFile section */
		A740FB862BA49AB500FA30F2 /* NetworkProvider.swift in Sources */ = {isa = PBXBuildFile; fileRef = A740FB852BA49AB500FA30F2 /* NetworkProvider.swift */; };
		A7B4E7D82BAB11530049AEC5 /* GFEmptyStateView.swift in Sources */ = {isa = PBXBuildFile; fileRef = A7B4E7D72BAB11530049AEC5 /* GFEmptyStateView.swift */; };
		A7B4E7DA2BAB45BD0049AEC5 /* UserInfoVC.swift in Sources */ = {isa = PBXBuildFile; fileRef = A7B4E7D92BAB45BD0049AEC5 /* UserInfoVC.swift */; };
		A7B4E7DC2BAB472D0049AEC5 /* GetUser.swift in Sources */ = {isa = PBXBuildFile; fileRef = A7B4E7DB2BAB472D0049AEC5 /* GetUser.swift */; };
		A7B4E7E12BAB5DDF0049AEC5 /* GFUserHeaderInfoVC.swift in Sources */ = {isa = PBXBuildFile; fileRef = A7B4E7E02BAB5DDF0049AEC5 /* GFUserHeaderInfoVC.swift */; };
		A7B4E7E32BAB5F4F0049AEC5 /* GFSecondaryTitleLabel.swift in Sources */ = {isa = PBXBuildFile; fileRef = A7B4E7E22BAB5F4F0049AEC5 /* GFSecondaryTitleLabel.swift */; };
		A7B4E7E52BAB68B60049AEC5 /* GFItemInfoView.swift in Sources */ = {isa = PBXBuildFile; fileRef = A7B4E7E42BAB68B60049AEC5 /* GFItemInfoView.swift */; };
		A7B4E7E72BAB69350049AEC5 /* SFSymbols.swift in Sources */ = {isa = PBXBuildFile; fileRef = A7B4E7E62BAB69350049AEC5 /* SFSymbols.swift */; };
		A7B4E7E92BAB69E50049AEC5 /* GFItemInfoVC.swift in Sources */ = {isa = PBXBuildFile; fileRef = A7B4E7E82BAB69E50049AEC5 /* GFItemInfoVC.swift */; };
		A7B4E7EB2BAB6AAA0049AEC5 /* GFRepoItemVC.swift in Sources */ = {isa = PBXBuildFile; fileRef = A7B4E7EA2BAB6AAA0049AEC5 /* GFRepoItemVC.swift */; };
		A7B4E7ED2BAB6CAA0049AEC5 /* GFFollowerItemVC.swift in Sources */ = {isa = PBXBuildFile; fileRef = A7B4E7EC2BAB6CAA0049AEC5 /* GFFollowerItemVC.swift */; };
		A7C405B12BA58E6D002D2C15 /* HTTPMethod.swift in Sources */ = {isa = PBXBuildFile; fileRef = A7C405B02BA58E6D002D2C15 /* HTTPMethod.swift */; };
		A7C405B32BA58E90002D2C15 /* Requestable.swift in Sources */ = {isa = PBXBuildFile; fileRef = A7C405B22BA58E90002D2C15 /* Requestable.swift */; };
		A7C405B62BA58F2F002D2C15 /* GetFollowers.swift in Sources */ = {isa = PBXBuildFile; fileRef = A7C405B52BA58F2F002D2C15 /* GetFollowers.swift */; };
		A7C405B82BA591D7002D2C15 /* NetworkProvidable.swift in Sources */ = {isa = PBXBuildFile; fileRef = A7C405B72BA591D7002D2C15 /* NetworkProvidable.swift */; };
		A7C405BA2BA5920A002D2C15 /* RequestAdapter.swift in Sources */ = {isa = PBXBuildFile; fileRef = A7C405B92BA5920A002D2C15 /* RequestAdapter.swift */; };
		A7C405BD2BA5DEB6002D2C15 /* FollowerCell.swift in Sources */ = {isa = PBXBuildFile; fileRef = A7C405BC2BA5DEB6002D2C15 /* FollowerCell.swift */; };
		A7C405BF2BA5DF6B002D2C15 /* GFAvatarImageView.swift in Sources */ = {isa = PBXBuildFile; fileRef = A7C405BE2BA5DF6B002D2C15 /* GFAvatarImageView.swift */; };
		A7D0F63F2BA76A0900AA35A2 /* ImageLoader.swift in Sources */ = {isa = PBXBuildFile; fileRef = A7D0F63E2BA76A0900AA35A2 /* ImageLoader.swift */; };
		A7DCC4362BAC534400252729 /* Date+convertToMonthYearFormat.swift in Sources */ = {isa = PBXBuildFile; fileRef = A7DCC4352BAC534400252729 /* Date+convertToMonthYearFormat.swift */; };
		A7DCC4382BAC535C00252729 /* String+convertToDate.swift in Sources */ = {isa = PBXBuildFile; fileRef = A7DCC4372BAC535C00252729 /* String+convertToDate.swift */; };
		A7DCC43A2BACC17E00252729 /* UIViewController+Safari.swift in Sources */ = {isa = PBXBuildFile; fileRef = A7DCC4392BACC17E00252729 /* UIViewController+Safari.swift */; };
		A7DD5BD22BA0BB49002897E0 /* AppDelegate.swift in Sources */ = {isa = PBXBuildFile; fileRef = A7DD5BD12BA0BB49002897E0 /* AppDelegate.swift */; };
		A7DD5BD42BA0BB49002897E0 /* SceneDelegate.swift in Sources */ = {isa = PBXBuildFile; fileRef = A7DD5BD32BA0BB49002897E0 /* SceneDelegate.swift */; };
		A7DD5BDB2BA0BB4A002897E0 /* Assets.xcassets in Resources */ = {isa = PBXBuildFile; fileRef = A7DD5BDA2BA0BB4A002897E0 /* Assets.xcassets */; };
		A7DD5BDE2BA0BB4A002897E0 /* LaunchScreen.storyboard in Resources */ = {isa = PBXBuildFile; fileRef = A7DD5BDC2BA0BB4A002897E0 /* LaunchScreen.storyboard */; };
		A7DD5BE92BA0BB4A002897E0 /* GitHubFollowersTests.swift in Sources */ = {isa = PBXBuildFile; fileRef = A7DD5BE82BA0BB4A002897E0 /* GitHubFollowersTests.swift */; };
		A7DD5BF32BA0BB4A002897E0 /* GitHubFollowersUITests.swift in Sources */ = {isa = PBXBuildFile; fileRef = A7DD5BF22BA0BB4A002897E0 /* GitHubFollowersUITests.swift */; };
		A7DD5BF52BA0BB4A002897E0 /* GitHubFollowersUITestsLaunchTests.swift in Sources */ = {isa = PBXBuildFile; fileRef = A7DD5BF42BA0BB4A002897E0 /* GitHubFollowersUITestsLaunchTests.swift */; };
		A7DD5C042BA0C4D7002897E0 /* FavoritesListVC.swift in Sources */ = {isa = PBXBuildFile; fileRef = A7DD5C032BA0C4D7002897E0 /* FavoritesListVC.swift */; };
		A7DD5C062BA0C574002897E0 /* SearchVC.swift in Sources */ = {isa = PBXBuildFile; fileRef = A7DD5C052BA0C574002897E0 /* SearchVC.swift */; };
		A7DD5C082BA0C95B002897E0 /* MainTabBarController.swift in Sources */ = {isa = PBXBuildFile; fileRef = A7DD5C072BA0C95B002897E0 /* MainTabBarController.swift */; };
		A7DD5C0C2BA0D39C002897E0 /* GFButton.swift in Sources */ = {isa = PBXBuildFile; fileRef = A7DD5C0B2BA0D39C002897E0 /* GFButton.swift */; };
		A7DD5C0E2BA0F324002897E0 /* GFTextField.swift in Sources */ = {isa = PBXBuildFile; fileRef = A7DD5C0D2BA0F324002897E0 /* GFTextField.swift */; };
		A7DD5C102BA1015A002897E0 /* FollowerListVC.swift in Sources */ = {isa = PBXBuildFile; fileRef = A7DD5C0F2BA1015A002897E0 /* FollowerListVC.swift */; };
		A7E582A52BA1B10F00A7766E /* GFTitleLabel.swift in Sources */ = {isa = PBXBuildFile; fileRef = A7E582A42BA1B10F00A7766E /* GFTitleLabel.swift */; };
		A7E582A72BA1C09600A7766E /* GFBodyLabel.swift in Sources */ = {isa = PBXBuildFile; fileRef = A7E582A62BA1C09600A7766E /* GFBodyLabel.swift */; };
		A7E582A92BA1C18700A7766E /* GFAlertVC.swift in Sources */ = {isa = PBXBuildFile; fileRef = A7E582A82BA1C18700A7766E /* GFAlertVC.swift */; };
		A7E582AB2BA1CD4000A7766E /* UIViewController+Alert.swift in Sources */ = {isa = PBXBuildFile; fileRef = A7E582AA2BA1CD4000A7766E /* UIViewController+Alert.swift */; };
		A7E582B22BA200C500A7766E /* User.swift in Sources */ = {isa = PBXBuildFile; fileRef = A7E582B12BA200C500A7766E /* User.swift */; };
		A7E582B42BA2013B00A7766E /* Follower.swift in Sources */ = {isa = PBXBuildFile; fileRef = A7E582B32BA2013B00A7766E /* Follower.swift */; };
		A7E582BA2BA213F900A7766E /* NetworkError.swift in Sources */ = {isa = PBXBuildFile; fileRef = A7E582B92BA213F900A7766E /* NetworkError.swift */; };
/* End PBXBuildFile section */

/* Begin PBXContainerItemProxy section */
		A7DD5BE52BA0BB4A002897E0 /* PBXContainerItemProxy */ = {
			isa = PBXContainerItemProxy;
			containerPortal = A7DD5BC62BA0BB49002897E0 /* Project object */;
			proxyType = 1;
			remoteGlobalIDString = A7DD5BCD2BA0BB49002897E0;
			remoteInfo = GitHubFollowers;
		};
		A7DD5BEF2BA0BB4A002897E0 /* PBXContainerItemProxy */ = {
			isa = PBXContainerItemProxy;
			containerPortal = A7DD5BC62BA0BB49002897E0 /* Project object */;
			proxyType = 1;
			remoteGlobalIDString = A7DD5BCD2BA0BB49002897E0;
			remoteInfo = GitHubFollowers;
		};
/* End PBXContainerItemProxy section */

/* Begin PBXFileReference section */
		A740FB852BA49AB500FA30F2 /* NetworkProvider.swift */ = {isa = PBXFileReference; lastKnownFileType = sourcecode.swift; path = NetworkProvider.swift; sourceTree = "<group>"; };
		A7B4E7D72BAB11530049AEC5 /* GFEmptyStateView.swift */ = {isa = PBXFileReference; lastKnownFileType = sourcecode.swift; path = GFEmptyStateView.swift; sourceTree = "<group>"; };
		A7B4E7D92BAB45BD0049AEC5 /* UserInfoVC.swift */ = {isa = PBXFileReference; lastKnownFileType = sourcecode.swift; path = UserInfoVC.swift; sourceTree = "<group>"; };
		A7B4E7DB2BAB472D0049AEC5 /* GetUser.swift */ = {isa = PBXFileReference; lastKnownFileType = sourcecode.swift; path = GetUser.swift; sourceTree = "<group>"; };
		A7B4E7E02BAB5DDF0049AEC5 /* GFUserHeaderInfoVC.swift */ = {isa = PBXFileReference; lastKnownFileType = sourcecode.swift; path = GFUserHeaderInfoVC.swift; sourceTree = "<group>"; };
		A7B4E7E22BAB5F4F0049AEC5 /* GFSecondaryTitleLabel.swift */ = {isa = PBXFileReference; lastKnownFileType = sourcecode.swift; path = GFSecondaryTitleLabel.swift; sourceTree = "<group>"; };
		A7B4E7E42BAB68B60049AEC5 /* GFItemInfoView.swift */ = {isa = PBXFileReference; lastKnownFileType = sourcecode.swift; path = GFItemInfoView.swift; sourceTree = "<group>"; };
		A7B4E7E62BAB69350049AEC5 /* SFSymbols.swift */ = {isa = PBXFileReference; lastKnownFileType = sourcecode.swift; path = SFSymbols.swift; sourceTree = "<group>"; };
		A7B4E7E82BAB69E50049AEC5 /* GFItemInfoVC.swift */ = {isa = PBXFileReference; lastKnownFileType = sourcecode.swift; path = GFItemInfoVC.swift; sourceTree = "<group>"; };
		A7B4E7EA2BAB6AAA0049AEC5 /* GFRepoItemVC.swift */ = {isa = PBXFileReference; lastKnownFileType = sourcecode.swift; path = GFRepoItemVC.swift; sourceTree = "<group>"; };
		A7B4E7EC2BAB6CAA0049AEC5 /* GFFollowerItemVC.swift */ = {isa = PBXFileReference; lastKnownFileType = sourcecode.swift; path = GFFollowerItemVC.swift; sourceTree = "<group>"; };
		A7C405B02BA58E6D002D2C15 /* HTTPMethod.swift */ = {isa = PBXFileReference; lastKnownFileType = sourcecode.swift; path = HTTPMethod.swift; sourceTree = "<group>"; };
		A7C405B22BA58E90002D2C15 /* Requestable.swift */ = {isa = PBXFileReference; lastKnownFileType = sourcecode.swift; path = Requestable.swift; sourceTree = "<group>"; };
		A7C405B52BA58F2F002D2C15 /* GetFollowers.swift */ = {isa = PBXFileReference; lastKnownFileType = sourcecode.swift; path = GetFollowers.swift; sourceTree = "<group>"; };
		A7C405B72BA591D7002D2C15 /* NetworkProvidable.swift */ = {isa = PBXFileReference; lastKnownFileType = sourcecode.swift; path = NetworkProvidable.swift; sourceTree = "<group>"; };
		A7C405B92BA5920A002D2C15 /* RequestAdapter.swift */ = {isa = PBXFileReference; lastKnownFileType = sourcecode.swift; path = RequestAdapter.swift; sourceTree = "<group>"; };
		A7C405BC2BA5DEB6002D2C15 /* FollowerCell.swift */ = {isa = PBXFileReference; lastKnownFileType = sourcecode.swift; path = FollowerCell.swift; sourceTree = "<group>"; };
		A7C405BE2BA5DF6B002D2C15 /* GFAvatarImageView.swift */ = {isa = PBXFileReference; lastKnownFileType = sourcecode.swift; path = GFAvatarImageView.swift; sourceTree = "<group>"; };
		A7D0F63E2BA76A0900AA35A2 /* ImageLoader.swift */ = {isa = PBXFileReference; lastKnownFileType = sourcecode.swift; path = ImageLoader.swift; sourceTree = "<group>"; };
		A7DCC4352BAC534400252729 /* Date+convertToMonthYearFormat.swift */ = {isa = PBXFileReference; lastKnownFileType = sourcecode.swift; path = "Date+convertToMonthYearFormat.swift"; sourceTree = "<group>"; };
		A7DCC4372BAC535C00252729 /* String+convertToDate.swift */ = {isa = PBXFileReference; lastKnownFileType = sourcecode.swift; path = "String+convertToDate.swift"; sourceTree = "<group>"; };
		A7DCC4392BACC17E00252729 /* UIViewController+Safari.swift */ = {isa = PBXFileReference; lastKnownFileType = sourcecode.swift; path = "UIViewController+Safari.swift"; sourceTree = "<group>"; };
		A7DD5BCE2BA0BB49002897E0 /* GitHubFollowers.app */ = {isa = PBXFileReference; explicitFileType = wrapper.application; includeInIndex = 0; path = GitHubFollowers.app; sourceTree = BUILT_PRODUCTS_DIR; };
		A7DD5BD12BA0BB49002897E0 /* AppDelegate.swift */ = {isa = PBXFileReference; lastKnownFileType = sourcecode.swift; path = AppDelegate.swift; sourceTree = "<group>"; };
		A7DD5BD32BA0BB49002897E0 /* SceneDelegate.swift */ = {isa = PBXFileReference; lastKnownFileType = sourcecode.swift; path = SceneDelegate.swift; sourceTree = "<group>"; };
		A7DD5BDA2BA0BB4A002897E0 /* Assets.xcassets */ = {isa = PBXFileReference; lastKnownFileType = folder.assetcatalog; path = Assets.xcassets; sourceTree = "<group>"; };
		A7DD5BDD2BA0BB4A002897E0 /* Base */ = {isa = PBXFileReference; lastKnownFileType = file.storyboard; name = Base; path = Base.lproj/LaunchScreen.storyboard; sourceTree = "<group>"; };
		A7DD5BDF2BA0BB4A002897E0 /* Info.plist */ = {isa = PBXFileReference; lastKnownFileType = text.plist.xml; path = Info.plist; sourceTree = "<group>"; };
		A7DD5BE42BA0BB4A002897E0 /* GitHubFollowersTests.xctest */ = {isa = PBXFileReference; explicitFileType = wrapper.cfbundle; includeInIndex = 0; path = GitHubFollowersTests.xctest; sourceTree = BUILT_PRODUCTS_DIR; };
		A7DD5BE82BA0BB4A002897E0 /* GitHubFollowersTests.swift */ = {isa = PBXFileReference; lastKnownFileType = sourcecode.swift; path = GitHubFollowersTests.swift; sourceTree = "<group>"; };
		A7DD5BEE2BA0BB4A002897E0 /* GitHubFollowersUITests.xctest */ = {isa = PBXFileReference; explicitFileType = wrapper.cfbundle; includeInIndex = 0; path = GitHubFollowersUITests.xctest; sourceTree = BUILT_PRODUCTS_DIR; };
		A7DD5BF22BA0BB4A002897E0 /* GitHubFollowersUITests.swift */ = {isa = PBXFileReference; lastKnownFileType = sourcecode.swift; path = GitHubFollowersUITests.swift; sourceTree = "<group>"; };
		A7DD5BF42BA0BB4A002897E0 /* GitHubFollowersUITestsLaunchTests.swift */ = {isa = PBXFileReference; lastKnownFileType = sourcecode.swift; path = GitHubFollowersUITestsLaunchTests.swift; sourceTree = "<group>"; };
		A7DD5C032BA0C4D7002897E0 /* FavoritesListVC.swift */ = {isa = PBXFileReference; lastKnownFileType = sourcecode.swift; path = FavoritesListVC.swift; sourceTree = "<group>"; };
		A7DD5C052BA0C574002897E0 /* SearchVC.swift */ = {isa = PBXFileReference; lastKnownFileType = sourcecode.swift; path = SearchVC.swift; sourceTree = "<group>"; };
		A7DD5C072BA0C95B002897E0 /* MainTabBarController.swift */ = {isa = PBXFileReference; lastKnownFileType = sourcecode.swift; path = MainTabBarController.swift; sourceTree = "<group>"; };
		A7DD5C0B2BA0D39C002897E0 /* GFButton.swift */ = {isa = PBXFileReference; lastKnownFileType = sourcecode.swift; path = GFButton.swift; sourceTree = "<group>"; };
		A7DD5C0D2BA0F324002897E0 /* GFTextField.swift */ = {isa = PBXFileReference; lastKnownFileType = sourcecode.swift; path = GFTextField.swift; sourceTree = "<group>"; };
		A7DD5C0F2BA1015A002897E0 /* FollowerListVC.swift */ = {isa = PBXFileReference; lastKnownFileType = sourcecode.swift; path = FollowerListVC.swift; sourceTree = "<group>"; };
		A7E582A42BA1B10F00A7766E /* GFTitleLabel.swift */ = {isa = PBXFileReference; lastKnownFileType = sourcecode.swift; path = GFTitleLabel.swift; sourceTree = "<group>"; };
		A7E582A62BA1C09600A7766E /* GFBodyLabel.swift */ = {isa = PBXFileReference; lastKnownFileType = sourcecode.swift; path = GFBodyLabel.swift; sourceTree = "<group>"; };
		A7E582A82BA1C18700A7766E /* GFAlertVC.swift */ = {isa = PBXFileReference; lastKnownFileType = sourcecode.swift; path = GFAlertVC.swift; sourceTree = "<group>"; };
		A7E582AA2BA1CD4000A7766E /* UIViewController+Alert.swift */ = {isa = PBXFileReference; lastKnownFileType = sourcecode.swift; path = "UIViewController+Alert.swift"; sourceTree = "<group>"; };
		A7E582B12BA200C500A7766E /* User.swift */ = {isa = PBXFileReference; lastKnownFileType = sourcecode.swift; path = User.swift; sourceTree = "<group>"; };
		A7E582B32BA2013B00A7766E /* Follower.swift */ = {isa = PBXFileReference; lastKnownFileType = sourcecode.swift; path = Follower.swift; sourceTree = "<group>"; };
		A7E582B92BA213F900A7766E /* NetworkError.swift */ = {isa = PBXFileReference; lastKnownFileType = sourcecode.swift; path = NetworkError.swift; sourceTree = "<group>"; };
/* End PBXFileReference section */

/* Begin PBXFrameworksBuildPhase section */
		A7DD5BCB2BA0BB49002897E0 /* Frameworks */ = {
			isa = PBXFrameworksBuildPhase;
			buildActionMask = 2147483647;
			files = (
			);
			runOnlyForDeploymentPostprocessing = 0;
		};
		A7DD5BE12BA0BB4A002897E0 /* Frameworks */ = {
			isa = PBXFrameworksBuildPhase;
			buildActionMask = 2147483647;
			files = (
			);
			runOnlyForDeploymentPostprocessing = 0;
		};
		A7DD5BEB2BA0BB4A002897E0 /* Frameworks */ = {
			isa = PBXFrameworksBuildPhase;
			buildActionMask = 2147483647;
			files = (
			);
			runOnlyForDeploymentPostprocessing = 0;
		};
/* End PBXFrameworksBuildPhase section */

/* Begin PBXGroup section */
		A7B4E7D22BAB10E20049AEC5 /* Views */ = {
			isa = PBXGroup;
			children = (
				A7DD5C0D2BA0F324002897E0 /* GFTextField.swift */,
				A7B4E7D72BAB11530049AEC5 /* GFEmptyStateView.swift */,
				A7C405BE2BA5DF6B002D2C15 /* GFAvatarImageView.swift */,
				A7B4E7E42BAB68B60049AEC5 /* GFItemInfoView.swift */,
			);
			path = Views;
			sourceTree = "<group>";
		};
		A7B4E7D62BAB11050049AEC5 /* ViewControllers */ = {
			isa = PBXGroup;
			children = (
				A7B4E7EE2BAB6D040049AEC5 /* ItemInfoVCs */,
				A7B4E7E02BAB5DDF0049AEC5 /* GFUserHeaderInfoVC.swift */,
				A7E582A82BA1C18700A7766E /* GFAlertVC.swift */,
			);
			path = ViewControllers;
			sourceTree = "<group>";
		};
		A7B4E7EE2BAB6D040049AEC5 /* ItemInfoVCs */ = {
			isa = PBXGroup;
			children = (
				A7B4E7E82BAB69E50049AEC5 /* GFItemInfoVC.swift */,
				A7B4E7EA2BAB6AAA0049AEC5 /* GFRepoItemVC.swift */,
				A7B4E7EC2BAB6CAA0049AEC5 /* GFFollowerItemVC.swift */,
			);
			path = ItemInfoVCs;
			sourceTree = "<group>";
		};
		A7B4E7EF2BAB6D1A0049AEC5 /* Buttons */ = {
			isa = PBXGroup;
			children = (
				A7DD5C0B2BA0D39C002897E0 /* GFButton.swift */,
			);
			path = Buttons;
			sourceTree = "<group>";
		};
		A7B4E7F02BAB6D210049AEC5 /* Labels */ = {
			isa = PBXGroup;
			children = (
				A7E582A42BA1B10F00A7766E /* GFTitleLabel.swift */,
				A7E582A62BA1C09600A7766E /* GFBodyLabel.swift */,
				A7B4E7E22BAB5F4F0049AEC5 /* GFSecondaryTitleLabel.swift */,
			);
			path = Labels;
			sourceTree = "<group>";
		};
		A7C405AF2BA58E4B002D2C15 /* Network */ = {
			isa = PBXGroup;
			children = (
				A7C405B72BA591D7002D2C15 /* NetworkProvidable.swift */,
				A740FB852BA49AB500FA30F2 /* NetworkProvider.swift */,
				A7E582B92BA213F900A7766E /* NetworkError.swift */,
				A7C405B22BA58E90002D2C15 /* Requestable.swift */,
				A7C405B92BA5920A002D2C15 /* RequestAdapter.swift */,
				A7C405B02BA58E6D002D2C15 /* HTTPMethod.swift */,
			);
			path = Network;
			sourceTree = "<group>";
		};
		A7C405B42BA58F18002D2C15 /* Requests */ = {
			isa = PBXGroup;
			children = (
				A7C405B52BA58F2F002D2C15 /* GetFollowers.swift */,
				A7B4E7DB2BAB472D0049AEC5 /* GetUser.swift */,
			);
			path = Requests;
			sourceTree = "<group>";
		};
		A7C405BB2BA5DE99002D2C15 /* Cells */ = {
			isa = PBXGroup;
			children = (
				A7C405BC2BA5DEB6002D2C15 /* FollowerCell.swift */,
			);
			path = Cells;
			sourceTree = "<group>";
		};
		A7DD5BC52BA0BB49002897E0 = {
			isa = PBXGroup;
			children = (
				A7DD5BD02BA0BB49002897E0 /* GitHubFollowers */,
				A7DD5BE72BA0BB4A002897E0 /* GitHubFollowersTests */,
				A7DD5BF12BA0BB4A002897E0 /* GitHubFollowersUITests */,
				A7DD5BCF2BA0BB49002897E0 /* Products */,
			);
			sourceTree = "<group>";
		};
		A7DD5BCF2BA0BB49002897E0 /* Products */ = {
			isa = PBXGroup;
			children = (
				A7DD5BCE2BA0BB49002897E0 /* GitHubFollowers.app */,
				A7DD5BE42BA0BB4A002897E0 /* GitHubFollowersTests.xctest */,
				A7DD5BEE2BA0BB4A002897E0 /* GitHubFollowersUITests.xctest */,
			);
			name = Products;
			sourceTree = "<group>";
		};
		A7DD5BD02BA0BB49002897E0 /* GitHubFollowers */ = {
			isa = PBXGroup;
			children = (
				A7E582B82BA213E800A7766E /* Utilities */,
				A7E582B52BA2045F00A7766E /* Services */,
				A7E582B02BA200BB00A7766E /* Model */,
				A7E582AF2BA1FD1800A7766E /* App */,
				A7C405AF2BA58E4B002D2C15 /* Network */,
				A7E582AC2BA1FC5800A7766E /* Screens */,
				A7E582AE2BA1FCEE00A7766E /* Custom Views */,
				A7E582AD2BA1FCE800A7766E /* Extensions */,
				A7DD5BDF2BA0BB4A002897E0 /* Info.plist */,
			);
			path = GitHubFollowers;
			sourceTree = "<group>";
		};
		A7DD5BE72BA0BB4A002897E0 /* GitHubFollowersTests */ = {
			isa = PBXGroup;
			children = (
				A7DD5BE82BA0BB4A002897E0 /* GitHubFollowersTests.swift */,
			);
			path = GitHubFollowersTests;
			sourceTree = "<group>";
		};
		A7DD5BF12BA0BB4A002897E0 /* GitHubFollowersUITests */ = {
			isa = PBXGroup;
			children = (
				A7DD5BF22BA0BB4A002897E0 /* GitHubFollowersUITests.swift */,
				A7DD5BF42BA0BB4A002897E0 /* GitHubFollowersUITestsLaunchTests.swift */,
			);
			path = GitHubFollowersUITests;
			sourceTree = "<group>";
		};
		A7E582AC2BA1FC5800A7766E /* Screens */ = {
			isa = PBXGroup;
			children = (
				A7DD5C072BA0C95B002897E0 /* MainTabBarController.swift */,
				A7DD5C032BA0C4D7002897E0 /* FavoritesListVC.swift */,
				A7DD5C052BA0C574002897E0 /* SearchVC.swift */,
				A7DD5C0F2BA1015A002897E0 /* FollowerListVC.swift */,
				A7B4E7D92BAB45BD0049AEC5 /* UserInfoVC.swift */,
			);
			path = Screens;
			sourceTree = "<group>";
		};
		A7E582AD2BA1FCE800A7766E /* Extensions */ = {
			isa = PBXGroup;
			children = (
				A7E582AA2BA1CD4000A7766E /* UIViewController+Alert.swift */,
				A7DCC4352BAC534400252729 /* Date+convertToMonthYearFormat.swift */,
				A7DCC4372BAC535C00252729 /* String+convertToDate.swift */,
				A7DCC4392BACC17E00252729 /* UIViewController+Safari.swift */,
			);
			path = Extensions;
			sourceTree = "<group>";
		};
		A7E582AE2BA1FCEE00A7766E /* Custom Views */ = {
			isa = PBXGroup;
			children = (
				A7B4E7F02BAB6D210049AEC5 /* Labels */,
				A7B4E7EF2BAB6D1A0049AEC5 /* Buttons */,
				A7B4E7D62BAB11050049AEC5 /* ViewControllers */,
				A7B4E7D22BAB10E20049AEC5 /* Views */,
				A7C405BB2BA5DE99002D2C15 /* Cells */,
			);
			path = "Custom Views";
			sourceTree = "<group>";
		};
		A7E582AF2BA1FD1800A7766E /* App */ = {
			isa = PBXGroup;
			children = (
				A7DD5BD12BA0BB49002897E0 /* AppDelegate.swift */,
				A7DD5BD32BA0BB49002897E0 /* SceneDelegate.swift */,
				A7DD5BDA2BA0BB4A002897E0 /* Assets.xcassets */,
				A7DD5BDC2BA0BB4A002897E0 /* LaunchScreen.storyboard */,
			);
			path = App;
			sourceTree = "<group>";
		};
		A7E582B02BA200BB00A7766E /* Model */ = {
			isa = PBXGroup;
			children = (
				A7C405B42BA58F18002D2C15 /* Requests */,
				A7E582B12BA200C500A7766E /* User.swift */,
				A7E582B32BA2013B00A7766E /* Follower.swift */,
			);
			path = Model;
			sourceTree = "<group>";
		};
		A7E582B52BA2045F00A7766E /* Services */ = {
			isa = PBXGroup;
			children = (
				A7D0F63E2BA76A0900AA35A2 /* ImageLoader.swift */,
			);
			path = Services;
			sourceTree = "<group>";
		};
		A7E582B82BA213E800A7766E /* Utilities */ = {
			isa = PBXGroup;
			children = (
				A7B4E7E62BAB69350049AEC5 /* SFSymbols.swift */,
			);
			path = Utilities;
			sourceTree = "<group>";
		};
/* End PBXGroup section */

/* Begin PBXNativeTarget section */
		A7DD5BCD2BA0BB49002897E0 /* GitHubFollowers */ = {
			isa = PBXNativeTarget;
			buildConfigurationList = A7DD5BF82BA0BB4A002897E0 /* Build configuration list for PBXNativeTarget "GitHubFollowers" */;
			buildPhases = (
				A7DD5BCA2BA0BB49002897E0 /* Sources */,
				A7DD5BCB2BA0BB49002897E0 /* Frameworks */,
				A7DD5BCC2BA0BB49002897E0 /* Resources */,
			);
			buildRules = (
			);
			dependencies = (
			);
			name = GitHubFollowers;
			productName = GitHubFollowers;
			productReference = A7DD5BCE2BA0BB49002897E0 /* GitHubFollowers.app */;
			productType = "com.apple.product-type.application";
		};
		A7DD5BE32BA0BB4A002897E0 /* GitHubFollowersTests */ = {
			isa = PBXNativeTarget;
			buildConfigurationList = A7DD5BFB2BA0BB4A002897E0 /* Build configuration list for PBXNativeTarget "GitHubFollowersTests" */;
			buildPhases = (
				A7DD5BE02BA0BB4A002897E0 /* Sources */,
				A7DD5BE12BA0BB4A002897E0 /* Frameworks */,
				A7DD5BE22BA0BB4A002897E0 /* Resources */,
			);
			buildRules = (
			);
			dependencies = (
				A7DD5BE62BA0BB4A002897E0 /* PBXTargetDependency */,
			);
			name = GitHubFollowersTests;
			productName = GitHubFollowersTests;
			productReference = A7DD5BE42BA0BB4A002897E0 /* GitHubFollowersTests.xctest */;
			productType = "com.apple.product-type.bundle.unit-test";
		};
		A7DD5BED2BA0BB4A002897E0 /* GitHubFollowersUITests */ = {
			isa = PBXNativeTarget;
			buildConfigurationList = A7DD5BFE2BA0BB4A002897E0 /* Build configuration list for PBXNativeTarget "GitHubFollowersUITests" */;
			buildPhases = (
				A7DD5BEA2BA0BB4A002897E0 /* Sources */,
				A7DD5BEB2BA0BB4A002897E0 /* Frameworks */,
				A7DD5BEC2BA0BB4A002897E0 /* Resources */,
			);
			buildRules = (
			);
			dependencies = (
				A7DD5BF02BA0BB4A002897E0 /* PBXTargetDependency */,
			);
			name = GitHubFollowersUITests;
			productName = GitHubFollowersUITests;
			productReference = A7DD5BEE2BA0BB4A002897E0 /* GitHubFollowersUITests.xctest */;
			productType = "com.apple.product-type.bundle.ui-testing";
		};
/* End PBXNativeTarget section */

/* Begin PBXProject section */
		A7DD5BC62BA0BB49002897E0 /* Project object */ = {
			isa = PBXProject;
			attributes = {
				BuildIndependentTargetsInParallel = 1;
				LastSwiftUpdateCheck = 1520;
				LastUpgradeCheck = 1520;
				TargetAttributes = {
					A7DD5BCD2BA0BB49002897E0 = {
						CreatedOnToolsVersion = 15.2;
					};
					A7DD5BE32BA0BB4A002897E0 = {
						CreatedOnToolsVersion = 15.2;
						TestTargetID = A7DD5BCD2BA0BB49002897E0;
					};
					A7DD5BED2BA0BB4A002897E0 = {
						CreatedOnToolsVersion = 15.2;
						TestTargetID = A7DD5BCD2BA0BB49002897E0;
					};
				};
			};
			buildConfigurationList = A7DD5BC92BA0BB49002897E0 /* Build configuration list for PBXProject "GitHubFollowers" */;
			compatibilityVersion = "Xcode 14.0";
			developmentRegion = en;
			hasScannedForEncodings = 0;
			knownRegions = (
				en,
				Base,
			);
			mainGroup = A7DD5BC52BA0BB49002897E0;
			productRefGroup = A7DD5BCF2BA0BB49002897E0 /* Products */;
			projectDirPath = "";
			projectRoot = "";
			targets = (
				A7DD5BCD2BA0BB49002897E0 /* GitHubFollowers */,
				A7DD5BE32BA0BB4A002897E0 /* GitHubFollowersTests */,
				A7DD5BED2BA0BB4A002897E0 /* GitHubFollowersUITests */,
			);
		};
/* End PBXProject section */

/* Begin PBXResourcesBuildPhase section */
		A7DD5BCC2BA0BB49002897E0 /* Resources */ = {
			isa = PBXResourcesBuildPhase;
			buildActionMask = 2147483647;
			files = (
				A7DD5BDE2BA0BB4A002897E0 /* LaunchScreen.storyboard in Resources */,
				A7DD5BDB2BA0BB4A002897E0 /* Assets.xcassets in Resources */,
			);
			runOnlyForDeploymentPostprocessing = 0;
		};
		A7DD5BE22BA0BB4A002897E0 /* Resources */ = {
			isa = PBXResourcesBuildPhase;
			buildActionMask = 2147483647;
			files = (
			);
			runOnlyForDeploymentPostprocessing = 0;
		};
		A7DD5BEC2BA0BB4A002897E0 /* Resources */ = {
			isa = PBXResourcesBuildPhase;
			buildActionMask = 2147483647;
			files = (
			);
			runOnlyForDeploymentPostprocessing = 0;
		};
/* End PBXResourcesBuildPhase section */

/* Begin PBXSourcesBuildPhase section */
		A7DD5BCA2BA0BB49002897E0 /* Sources */ = {
			isa = PBXSourcesBuildPhase;
			buildActionMask = 2147483647;
			files = (
				A7B4E7EB2BAB6AAA0049AEC5 /* GFRepoItemVC.swift in Sources */,
				A7B4E7D82BAB11530049AEC5 /* GFEmptyStateView.swift in Sources */,
				A7B4E7E32BAB5F4F0049AEC5 /* GFSecondaryTitleLabel.swift in Sources */,
				A7B4E7E12BAB5DDF0049AEC5 /* GFUserHeaderInfoVC.swift in Sources */,
				A7B4E7DA2BAB45BD0049AEC5 /* UserInfoVC.swift in Sources */,
				A7E582B22BA200C500A7766E /* User.swift in Sources */,
				A7E582B42BA2013B00A7766E /* Follower.swift in Sources */,
				A7DCC4362BAC534400252729 /* Date+convertToMonthYearFormat.swift in Sources */,
				A7DD5C062BA0C574002897E0 /* SearchVC.swift in Sources */,
				A7DD5C082BA0C95B002897E0 /* MainTabBarController.swift in Sources */,
				A7DCC4382BAC535C00252729 /* String+convertToDate.swift in Sources */,
				A7DD5C0C2BA0D39C002897E0 /* GFButton.swift in Sources */,
				A7C405B32BA58E90002D2C15 /* Requestable.swift in Sources */,
				A740FB862BA49AB500FA30F2 /* NetworkProvider.swift in Sources */,
				A7B4E7ED2BAB6CAA0049AEC5 /* GFFollowerItemVC.swift in Sources */,
				A7C405B62BA58F2F002D2C15 /* GetFollowers.swift in Sources */,
				A7E582AB2BA1CD4000A7766E /* UIViewController+Alert.swift in Sources */,
				A7C405BA2BA5920A002D2C15 /* RequestAdapter.swift in Sources */,
				A7DCC43A2BACC17E00252729 /* UIViewController+Safari.swift in Sources */,
				A7B4E7E92BAB69E50049AEC5 /* GFItemInfoVC.swift in Sources */,
				A7DD5C042BA0C4D7002897E0 /* FavoritesListVC.swift in Sources */,
				A7C405BF2BA5DF6B002D2C15 /* GFAvatarImageView.swift in Sources */,
				A7DD5BD22BA0BB49002897E0 /* AppDelegate.swift in Sources */,
				A7E582A92BA1C18700A7766E /* GFAlertVC.swift in Sources */,
				A7D0F63F2BA76A0900AA35A2 /* ImageLoader.swift in Sources */,
				A7C405B82BA591D7002D2C15 /* NetworkProvidable.swift in Sources */,
				A7DD5BD42BA0BB49002897E0 /* SceneDelegate.swift in Sources */,
				A7E582A52BA1B10F00A7766E /* GFTitleLabel.swift in Sources */,
				A7B4E7E52BAB68B60049AEC5 /* GFItemInfoView.swift in Sources */,
				A7C405B12BA58E6D002D2C15 /* HTTPMethod.swift in Sources */,
				A7B4E7DC2BAB472D0049AEC5 /* GetUser.swift in Sources */,
				A7C405BD2BA5DEB6002D2C15 /* FollowerCell.swift in Sources */,
				A7B4E7E72BAB69350049AEC5 /* SFSymbols.swift in Sources */,
				A7DD5C102BA1015A002897E0 /* FollowerListVC.swift in Sources */,
				A7E582BA2BA213F900A7766E /* NetworkError.swift in Sources */,
				A7DD5C0E2BA0F324002897E0 /* GFTextField.swift in Sources */,
				A7E582A72BA1C09600A7766E /* GFBodyLabel.swift in Sources */,
			);
			runOnlyForDeploymentPostprocessing = 0;
		};
		A7DD5BE02BA0BB4A002897E0 /* Sources */ = {
			isa = PBXSourcesBuildPhase;
			buildActionMask = 2147483647;
			files = (
				A7DD5BE92BA0BB4A002897E0 /* GitHubFollowersTests.swift in Sources */,
			);
			runOnlyForDeploymentPostprocessing = 0;
		};
		A7DD5BEA2BA0BB4A002897E0 /* Sources */ = {
			isa = PBXSourcesBuildPhase;
			buildActionMask = 2147483647;
			files = (
				A7DD5BF32BA0BB4A002897E0 /* GitHubFollowersUITests.swift in Sources */,
				A7DD5BF52BA0BB4A002897E0 /* GitHubFollowersUITestsLaunchTests.swift in Sources */,
			);
			runOnlyForDeploymentPostprocessing = 0;
		};
/* End PBXSourcesBuildPhase section */

/* Begin PBXTargetDependency section */
		A7DD5BE62BA0BB4A002897E0 /* PBXTargetDependency */ = {
			isa = PBXTargetDependency;
			target = A7DD5BCD2BA0BB49002897E0 /* GitHubFollowers */;
			targetProxy = A7DD5BE52BA0BB4A002897E0 /* PBXContainerItemProxy */;
		};
		A7DD5BF02BA0BB4A002897E0 /* PBXTargetDependency */ = {
			isa = PBXTargetDependency;
			target = A7DD5BCD2BA0BB49002897E0 /* GitHubFollowers */;
			targetProxy = A7DD5BEF2BA0BB4A002897E0 /* PBXContainerItemProxy */;
		};
/* End PBXTargetDependency section */

/* Begin PBXVariantGroup section */
		A7DD5BDC2BA0BB4A002897E0 /* LaunchScreen.storyboard */ = {
			isa = PBXVariantGroup;
			children = (
				A7DD5BDD2BA0BB4A002897E0 /* Base */,
			);
			name = LaunchScreen.storyboard;
			sourceTree = "<group>";
		};
/* End PBXVariantGroup section */

/* Begin XCBuildConfiguration section */
		A7DD5BF62BA0BB4A002897E0 /* Debug */ = {
			isa = XCBuildConfiguration;
			buildSettings = {
				ALWAYS_SEARCH_USER_PATHS = NO;
				ASSETCATALOG_COMPILER_GENERATE_SWIFT_ASSET_SYMBOL_EXTENSIONS = YES;
				CLANG_ANALYZER_NONNULL = YES;
				CLANG_ANALYZER_NUMBER_OBJECT_CONVERSION = YES_AGGRESSIVE;
				CLANG_CXX_LANGUAGE_STANDARD = "gnu++20";
				CLANG_ENABLE_MODULES = YES;
				CLANG_ENABLE_OBJC_ARC = YES;
				CLANG_ENABLE_OBJC_WEAK = YES;
				CLANG_WARN_BLOCK_CAPTURE_AUTORELEASING = YES;
				CLANG_WARN_BOOL_CONVERSION = YES;
				CLANG_WARN_COMMA = YES;
				CLANG_WARN_CONSTANT_CONVERSION = YES;
				CLANG_WARN_DEPRECATED_OBJC_IMPLEMENTATIONS = YES;
				CLANG_WARN_DIRECT_OBJC_ISA_USAGE = YES_ERROR;
				CLANG_WARN_DOCUMENTATION_COMMENTS = YES;
				CLANG_WARN_EMPTY_BODY = YES;
				CLANG_WARN_ENUM_CONVERSION = YES;
				CLANG_WARN_INFINITE_RECURSION = YES;
				CLANG_WARN_INT_CONVERSION = YES;
				CLANG_WARN_NON_LITERAL_NULL_CONVERSION = YES;
				CLANG_WARN_OBJC_IMPLICIT_RETAIN_SELF = YES;
				CLANG_WARN_OBJC_LITERAL_CONVERSION = YES;
				CLANG_WARN_OBJC_ROOT_CLASS = YES_ERROR;
				CLANG_WARN_QUOTED_INCLUDE_IN_FRAMEWORK_HEADER = YES;
				CLANG_WARN_RANGE_LOOP_ANALYSIS = YES;
				CLANG_WARN_STRICT_PROTOTYPES = YES;
				CLANG_WARN_SUSPICIOUS_MOVE = YES;
				CLANG_WARN_UNGUARDED_AVAILABILITY = YES_AGGRESSIVE;
				CLANG_WARN_UNREACHABLE_CODE = YES;
				CLANG_WARN__DUPLICATE_METHOD_MATCH = YES;
				COPY_PHASE_STRIP = NO;
				DEBUG_INFORMATION_FORMAT = dwarf;
				ENABLE_STRICT_OBJC_MSGSEND = YES;
				ENABLE_TESTABILITY = YES;
				ENABLE_USER_SCRIPT_SANDBOXING = YES;
				GCC_C_LANGUAGE_STANDARD = gnu17;
				GCC_DYNAMIC_NO_PIC = NO;
				GCC_NO_COMMON_BLOCKS = YES;
				GCC_OPTIMIZATION_LEVEL = 0;
				GCC_PREPROCESSOR_DEFINITIONS = (
					"DEBUG=1",
					"$(inherited)",
				);
				GCC_WARN_64_TO_32_BIT_CONVERSION = YES;
				GCC_WARN_ABOUT_RETURN_TYPE = YES_ERROR;
				GCC_WARN_UNDECLARED_SELECTOR = YES;
				GCC_WARN_UNINITIALIZED_AUTOS = YES_AGGRESSIVE;
				GCC_WARN_UNUSED_FUNCTION = YES;
				GCC_WARN_UNUSED_VARIABLE = YES;
				IPHONEOS_DEPLOYMENT_TARGET = 17.2;
				LOCALIZATION_PREFERS_STRING_CATALOGS = YES;
				MTL_ENABLE_DEBUG_INFO = INCLUDE_SOURCE;
				MTL_FAST_MATH = YES;
				ONLY_ACTIVE_ARCH = YES;
				SDKROOT = iphoneos;
				SWIFT_ACTIVE_COMPILATION_CONDITIONS = "DEBUG $(inherited)";
				SWIFT_OPTIMIZATION_LEVEL = "-Onone";
			};
			name = Debug;
		};
		A7DD5BF72BA0BB4A002897E0 /* Release */ = {
			isa = XCBuildConfiguration;
			buildSettings = {
				ALWAYS_SEARCH_USER_PATHS = NO;
				ASSETCATALOG_COMPILER_GENERATE_SWIFT_ASSET_SYMBOL_EXTENSIONS = YES;
				CLANG_ANALYZER_NONNULL = YES;
				CLANG_ANALYZER_NUMBER_OBJECT_CONVERSION = YES_AGGRESSIVE;
				CLANG_CXX_LANGUAGE_STANDARD = "gnu++20";
				CLANG_ENABLE_MODULES = YES;
				CLANG_ENABLE_OBJC_ARC = YES;
				CLANG_ENABLE_OBJC_WEAK = YES;
				CLANG_WARN_BLOCK_CAPTURE_AUTORELEASING = YES;
				CLANG_WARN_BOOL_CONVERSION = YES;
				CLANG_WARN_COMMA = YES;
				CLANG_WARN_CONSTANT_CONVERSION = YES;
				CLANG_WARN_DEPRECATED_OBJC_IMPLEMENTATIONS = YES;
				CLANG_WARN_DIRECT_OBJC_ISA_USAGE = YES_ERROR;
				CLANG_WARN_DOCUMENTATION_COMMENTS = YES;
				CLANG_WARN_EMPTY_BODY = YES;
				CLANG_WARN_ENUM_CONVERSION = YES;
				CLANG_WARN_INFINITE_RECURSION = YES;
				CLANG_WARN_INT_CONVERSION = YES;
				CLANG_WARN_NON_LITERAL_NULL_CONVERSION = YES;
				CLANG_WARN_OBJC_IMPLICIT_RETAIN_SELF = YES;
				CLANG_WARN_OBJC_LITERAL_CONVERSION = YES;
				CLANG_WARN_OBJC_ROOT_CLASS = YES_ERROR;
				CLANG_WARN_QUOTED_INCLUDE_IN_FRAMEWORK_HEADER = YES;
				CLANG_WARN_RANGE_LOOP_ANALYSIS = YES;
				CLANG_WARN_STRICT_PROTOTYPES = YES;
				CLANG_WARN_SUSPICIOUS_MOVE = YES;
				CLANG_WARN_UNGUARDED_AVAILABILITY = YES_AGGRESSIVE;
				CLANG_WARN_UNREACHABLE_CODE = YES;
				CLANG_WARN__DUPLICATE_METHOD_MATCH = YES;
				COPY_PHASE_STRIP = NO;
				DEBUG_INFORMATION_FORMAT = "dwarf-with-dsym";
				ENABLE_NS_ASSERTIONS = NO;
				ENABLE_STRICT_OBJC_MSGSEND = YES;
				ENABLE_USER_SCRIPT_SANDBOXING = YES;
				GCC_C_LANGUAGE_STANDARD = gnu17;
				GCC_NO_COMMON_BLOCKS = YES;
				GCC_WARN_64_TO_32_BIT_CONVERSION = YES;
				GCC_WARN_ABOUT_RETURN_TYPE = YES_ERROR;
				GCC_WARN_UNDECLARED_SELECTOR = YES;
				GCC_WARN_UNINITIALIZED_AUTOS = YES_AGGRESSIVE;
				GCC_WARN_UNUSED_FUNCTION = YES;
				GCC_WARN_UNUSED_VARIABLE = YES;
				IPHONEOS_DEPLOYMENT_TARGET = 17.2;
				LOCALIZATION_PREFERS_STRING_CATALOGS = YES;
				MTL_ENABLE_DEBUG_INFO = NO;
				MTL_FAST_MATH = YES;
				SDKROOT = iphoneos;
				SWIFT_COMPILATION_MODE = wholemodule;
				VALIDATE_PRODUCT = YES;
			};
			name = Release;
		};
		A7DD5BF92BA0BB4A002897E0 /* Debug */ = {
			isa = XCBuildConfiguration;
			buildSettings = {
				ASSETCATALOG_COMPILER_APPICON_NAME = AppIcon;
				ASSETCATALOG_COMPILER_GLOBAL_ACCENT_COLOR_NAME = AccentColor;
				CODE_SIGN_STYLE = Automatic;
				CURRENT_PROJECT_VERSION = 1;
				DEVELOPMENT_TEAM = RZB5WTQ7UH;
				GENERATE_INFOPLIST_FILE = YES;
				INFOPLIST_FILE = GitHubFollowers/Info.plist;
				INFOPLIST_KEY_UIApplicationSupportsIndirectInputEvents = YES;
				INFOPLIST_KEY_UILaunchStoryboardName = LaunchScreen;
				INFOPLIST_KEY_UISupportedInterfaceOrientations = UIInterfaceOrientationPortrait;
				INFOPLIST_KEY_UISupportedInterfaceOrientations_iPad = "UIInterfaceOrientationLandscapeLeft UIInterfaceOrientationLandscapeRight UIInterfaceOrientationPortrait UIInterfaceOrientationPortraitUpsideDown";
				IPHONEOS_DEPLOYMENT_TARGET = 17.0;
				LD_RUNPATH_SEARCH_PATHS = (
					"$(inherited)",
					"@executable_path/Frameworks",
				);
				MARKETING_VERSION = 1.0;
				PRODUCT_BUNDLE_IDENTIFIER = com.hakanor.GitHubFollowers;
				PRODUCT_NAME = "$(TARGET_NAME)";
				SUPPORTED_PLATFORMS = "iphoneos iphonesimulator";
				SUPPORTS_MACCATALYST = NO;
				SUPPORTS_MAC_DESIGNED_FOR_IPHONE_IPAD = NO;
				SUPPORTS_XR_DESIGNED_FOR_IPHONE_IPAD = NO;
				SWIFT_EMIT_LOC_STRINGS = YES;
				SWIFT_VERSION = 5.0;
				TARGETED_DEVICE_FAMILY = 1;
			};
			name = Debug;
		};
		A7DD5BFA2BA0BB4A002897E0 /* Release */ = {
			isa = XCBuildConfiguration;
			buildSettings = {
				ASSETCATALOG_COMPILER_APPICON_NAME = AppIcon;
				ASSETCATALOG_COMPILER_GLOBAL_ACCENT_COLOR_NAME = AccentColor;
				CODE_SIGN_STYLE = Automatic;
				CURRENT_PROJECT_VERSION = 1;
				DEVELOPMENT_TEAM = RZB5WTQ7UH;
				GENERATE_INFOPLIST_FILE = YES;
				INFOPLIST_FILE = GitHubFollowers/Info.plist;
				INFOPLIST_KEY_UIApplicationSupportsIndirectInputEvents = YES;
				INFOPLIST_KEY_UILaunchStoryboardName = LaunchScreen;
				INFOPLIST_KEY_UISupportedInterfaceOrientations = UIInterfaceOrientationPortrait;
				INFOPLIST_KEY_UISupportedInterfaceOrientations_iPad = "UIInterfaceOrientationLandscapeLeft UIInterfaceOrientationLandscapeRight UIInterfaceOrientationPortrait UIInterfaceOrientationPortraitUpsideDown";
				IPHONEOS_DEPLOYMENT_TARGET = 17.0;
				LD_RUNPATH_SEARCH_PATHS = (
					"$(inherited)",
					"@executable_path/Frameworks",
				);
				MARKETING_VERSION = 1.0;
				PRODUCT_BUNDLE_IDENTIFIER = com.hakanor.GitHubFollowers;
				PRODUCT_NAME = "$(TARGET_NAME)";
				SUPPORTED_PLATFORMS = "iphoneos iphonesimulator";
				SUPPORTS_MACCATALYST = NO;
				SUPPORTS_MAC_DESIGNED_FOR_IPHONE_IPAD = NO;
				SUPPORTS_XR_DESIGNED_FOR_IPHONE_IPAD = NO;
				SWIFT_EMIT_LOC_STRINGS = YES;
				SWIFT_VERSION = 5.0;
				TARGETED_DEVICE_FAMILY = 1;
			};
			name = Release;
		};
		A7DD5BFC2BA0BB4A002897E0 /* Debug */ = {
			isa = XCBuildConfiguration;
			buildSettings = {
				ALWAYS_EMBED_SWIFT_STANDARD_LIBRARIES = YES;
				BUNDLE_LOADER = "$(TEST_HOST)";
				CODE_SIGN_STYLE = Automatic;
				CURRENT_PROJECT_VERSION = 1;
				DEVELOPMENT_TEAM = RZB5WTQ7UH;
				GENERATE_INFOPLIST_FILE = YES;
				IPHONEOS_DEPLOYMENT_TARGET = 17.2;
				MARKETING_VERSION = 1.0;
				PRODUCT_BUNDLE_IDENTIFIER = com.hakanor.GitHubFollowersTests;
				PRODUCT_NAME = "$(TARGET_NAME)";
				SWIFT_EMIT_LOC_STRINGS = NO;
				SWIFT_VERSION = 5.0;
				TARGETED_DEVICE_FAMILY = "1,2";
				TEST_HOST = "$(BUILT_PRODUCTS_DIR)/GitHubFollowers.app/$(BUNDLE_EXECUTABLE_FOLDER_PATH)/GitHubFollowers";
			};
			name = Debug;
		};
		A7DD5BFD2BA0BB4A002897E0 /* Release */ = {
			isa = XCBuildConfiguration;
			buildSettings = {
				ALWAYS_EMBED_SWIFT_STANDARD_LIBRARIES = YES;
				BUNDLE_LOADER = "$(TEST_HOST)";
				CODE_SIGN_STYLE = Automatic;
				CURRENT_PROJECT_VERSION = 1;
				DEVELOPMENT_TEAM = RZB5WTQ7UH;
				GENERATE_INFOPLIST_FILE = YES;
				IPHONEOS_DEPLOYMENT_TARGET = 17.2;
				MARKETING_VERSION = 1.0;
				PRODUCT_BUNDLE_IDENTIFIER = com.hakanor.GitHubFollowersTests;
				PRODUCT_NAME = "$(TARGET_NAME)";
				SWIFT_EMIT_LOC_STRINGS = NO;
				SWIFT_VERSION = 5.0;
				TARGETED_DEVICE_FAMILY = "1,2";
				TEST_HOST = "$(BUILT_PRODUCTS_DIR)/GitHubFollowers.app/$(BUNDLE_EXECUTABLE_FOLDER_PATH)/GitHubFollowers";
			};
			name = Release;
		};
		A7DD5BFF2BA0BB4A002897E0 /* Debug */ = {
			isa = XCBuildConfiguration;
			buildSettings = {
				ALWAYS_EMBED_SWIFT_STANDARD_LIBRARIES = YES;
				CODE_SIGN_STYLE = Automatic;
				CURRENT_PROJECT_VERSION = 1;
				DEVELOPMENT_TEAM = RZB5WTQ7UH;
				GENERATE_INFOPLIST_FILE = YES;
				MARKETING_VERSION = 1.0;
				PRODUCT_BUNDLE_IDENTIFIER = com.hakanor.GitHubFollowersUITests;
				PRODUCT_NAME = "$(TARGET_NAME)";
				SWIFT_EMIT_LOC_STRINGS = NO;
				SWIFT_VERSION = 5.0;
				TARGETED_DEVICE_FAMILY = "1,2";
				TEST_TARGET_NAME = GitHubFollowers;
			};
			name = Debug;
		};
		A7DD5C002BA0BB4A002897E0 /* Release */ = {
			isa = XCBuildConfiguration;
			buildSettings = {
				ALWAYS_EMBED_SWIFT_STANDARD_LIBRARIES = YES;
				CODE_SIGN_STYLE = Automatic;
				CURRENT_PROJECT_VERSION = 1;
				DEVELOPMENT_TEAM = RZB5WTQ7UH;
				GENERATE_INFOPLIST_FILE = YES;
				MARKETING_VERSION = 1.0;
				PRODUCT_BUNDLE_IDENTIFIER = com.hakanor.GitHubFollowersUITests;
				PRODUCT_NAME = "$(TARGET_NAME)";
				SWIFT_EMIT_LOC_STRINGS = NO;
				SWIFT_VERSION = 5.0;
				TARGETED_DEVICE_FAMILY = "1,2";
				TEST_TARGET_NAME = GitHubFollowers;
			};
			name = Release;
		};
/* End XCBuildConfiguration section */

/* Begin XCConfigurationList section */
		A7DD5BC92BA0BB49002897E0 /* Build configuration list for PBXProject "GitHubFollowers" */ = {
			isa = XCConfigurationList;
			buildConfigurations = (
				A7DD5BF62BA0BB4A002897E0 /* Debug */,
				A7DD5BF72BA0BB4A002897E0 /* Release */,
			);
			defaultConfigurationIsVisible = 0;
			defaultConfigurationName = Release;
		};
		A7DD5BF82BA0BB4A002897E0 /* Build configuration list for PBXNativeTarget "GitHubFollowers" */ = {
			isa = XCConfigurationList;
			buildConfigurations = (
				A7DD5BF92BA0BB4A002897E0 /* Debug */,
				A7DD5BFA2BA0BB4A002897E0 /* Release */,
			);
			defaultConfigurationIsVisible = 0;
			defaultConfigurationName = Release;
		};
		A7DD5BFB2BA0BB4A002897E0 /* Build configuration list for PBXNativeTarget "GitHubFollowersTests" */ = {
			isa = XCConfigurationList;
			buildConfigurations = (
				A7DD5BFC2BA0BB4A002897E0 /* Debug */,
				A7DD5BFD2BA0BB4A002897E0 /* Release */,
			);
			defaultConfigurationIsVisible = 0;
			defaultConfigurationName = Release;
		};
		A7DD5BFE2BA0BB4A002897E0 /* Build configuration list for PBXNativeTarget "GitHubFollowersUITests" */ = {
			isa = XCConfigurationList;
			buildConfigurations = (
				A7DD5BFF2BA0BB4A002897E0 /* Debug */,
				A7DD5C002BA0BB4A002897E0 /* Release */,
			);
			defaultConfigurationIsVisible = 0;
			defaultConfigurationName = Release;
		};
/* End XCConfigurationList section */
	};
	rootObject = A7DD5BC62BA0BB49002897E0 /* Project object */;
}
